
Microsoft Visual Studio Solution File, Format Version 12.00
# Visual Studio Version 16
VisualStudioVersion = 16.0.31424.327
MinimumVisualStudioVersion = 10.0.40219.1
Project("{FAE04EC0-301F-11D3-BF4B-00C04F79EFBC}") = "RazorPagesMovie", "RazorPagesMovie.csproj", "{32AD2107-4E8B-40FA-BB5B-A02F520255FD}"
EndProject
Global
	GlobalSection(SolutionConfigurationPlatforms) = preSolution
		Debug|Any CPU = Debug|Any CPU
		Release|Any CPU = Release|Any CPU
	EndGlobalSection
	GlobalSection(ProjectConfigurationPlatforms) = postSolution
		{32AD2107-4E8B-40FA-BB5B-A02F520255FD}.Debug|Any CPU.ActiveCfg = Debug|Any CPU
		{32AD2107-4E8B-40FA-BB5B-A02F520255FD}.Debug|Any CPU.Build.0 = Debug|Any CPU
		{32AD2107-4E8B-40FA-BB5B-A02F520255FD}.Release|Any CPU.ActiveCfg = Release|Any CPU
		{32AD2107-4E8B-40FA-BB5B-A02F520255FD}.Release|Any CPU.Build.0 = Release|Any CPU
	EndGlobalSection
	GlobalSection(SolutionProperties) = preSolution
		HideSolutionNode = FALSE
	EndGlobalSection
	GlobalSection(ExtensibilityGlobals) = postSolution
		SolutionGuid = {D3D1BA8A-0D7D-4C76-AB14-F299E176872E}
	EndGlobalSection
EndGlobal
